// !$*UTF8*$!
{
	archiveVersion = 1;
	classes = {
	};
	objectVersion = 50;
	objects = {

/* Begin PBXBuildFile section */
		3D00570123356A6800588CA9 /* AppDelegate.swift in Sources */ = {isa = PBXBuildFile; fileRef = 3D00570023356A6800588CA9 /* AppDelegate.swift */; };
		3D00570323356A6800588CA9 /* ViewController.swift in Sources */ = {isa = PBXBuildFile; fileRef = 3D00570223356A6800588CA9 /* ViewController.swift */; };
		3D00570623356A6800588CA9 /* Main.storyboard in Resources */ = {isa = PBXBuildFile; fileRef = 3D00570423356A6800588CA9 /* Main.storyboard */; };
		3D00570823356A6A00588CA9 /* Assets.xcassets in Resources */ = {isa = PBXBuildFile; fileRef = 3D00570723356A6A00588CA9 /* Assets.xcassets */; };
		3D00570B23356A6A00588CA9 /* LaunchScreen.storyboard in Resources */ = {isa = PBXBuildFile; fileRef = 3D00570923356A6A00588CA9 /* LaunchScreen.storyboard */; };
		3D00571623356A6B00588CA9 /* CarritosTests.swift in Sources */ = {isa = PBXBuildFile; fileRef = 3D00571523356A6B00588CA9 /* CarritosTests.swift */; };
		3D00572123356A6B00588CA9 /* CarritosUITests.swift in Sources */ = {isa = PBXBuildFile; fileRef = 3D00572023356A6B00588CA9 /* CarritosUITests.swift */; };
		3D00572F23356C6A00588CA9 /* Carro.swift in Sources */ = {isa = PBXBuildFile; fileRef = 3D00572E23356C6A00588CA9 /* Carro.swift */; };
		3D00573123356DCD00588CA9 /* celdaCarros_Controller.swift in Sources */ = {isa = PBXBuildFile; fileRef = 3D00573023356DCD00588CA9 /* celdaCarros_Controller.swift */; };
/* End PBXBuildFile section */

/* Begin PBXContainerItemProxy section */
		3D00571223356A6B00588CA9 /* PBXContainerItemProxy */ = {
			isa = PBXContainerItemProxy;
			containerPortal = 3D0056F523356A6800588CA9 /* Project object */;
			proxyType = 1;
			remoteGlobalIDString = 3D0056FC23356A6800588CA9;
			remoteInfo = Carritos;
		};
		3D00571D23356A6B00588CA9 /* PBXContainerItemProxy */ = {
			isa = PBXContainerItemProxy;
			containerPortal = 3D0056F523356A6800588CA9 /* Project object */;
			proxyType = 1;
			remoteGlobalIDString = 3D0056FC23356A6800588CA9;
			remoteInfo = Carritos;
		};
/* End PBXContainerItemProxy section */

/* Begin PBXFileReference section */
		3D0056FD23356A6800588CA9 /* Carritos.app */ = {isa = PBXFileReference; explicitFileType = wrapper.application; includeInIndex = 0; path = Carritos.app; sourceTree = BUILT_PRODUCTS_DIR; };
		3D00570023356A6800588CA9 /* AppDelegate.swift */ = {isa = PBXFileReference; lastKnownFileType = sourcecode.swift; path = AppDelegate.swift; sourceTree = "<group>"; };
		3D00570223356A6800588CA9 /* ViewController.swift */ = {isa = PBXFileReference; lastKnownFileType = sourcecode.swift; path = ViewController.swift; sourceTree = "<group>"; };
		3D00570523356A6800588CA9 /* Base */ = {isa = PBXFileReference; lastKnownFileType = file.storyboard; name = Base; path = Base.lproj/Main.storyboard; sourceTree = "<group>"; };
		3D00570723356A6A00588CA9 /* Assets.xcassets */ = {isa = PBXFileReference; lastKnownFileType = folder.assetcatalog; path = Assets.xcassets; sourceTree = "<group>"; };
		3D00570A23356A6A00588CA9 /* Base */ = {isa = PBXFileReference; lastKnownFileType = file.storyboard; name = Base; path = Base.lproj/LaunchScreen.storyboard; sourceTree = "<group>"; };
		3D00570C23356A6A00588CA9 /* Info.plist */ = {isa = PBXFileReference; lastKnownFileType = text.plist.xml; path = Info.plist; sourceTree = "<group>"; };
		3D00571123356A6B00588CA9 /* CarritosTests.xctest */ = {isa = PBXFileReference; explicitFileType = wrapper.cfbundle; includeInIndex = 0; path = CarritosTests.xctest; sourceTree = BUILT_PRODUCTS_DIR; };
		3D00571523356A6B00588CA9 /* CarritosTests.swift */ = {isa = PBXFileReference; lastKnownFileType = sourcecode.swift; path = CarritosTests.swift; sourceTree = "<group>"; };
		3D00571723356A6B00588CA9 /* Info.plist */ = {isa = PBXFileReference; lastKnownFileType = text.plist.xml; path = Info.plist; sourceTree = "<group>"; };
		3D00571C23356A6B00588CA9 /* CarritosUITests.xctest */ = {isa = PBXFileReference; explicitFileType = wrapper.cfbundle; includeInIndex = 0; path = CarritosUITests.xctest; sourceTree = BUILT_PRODUCTS_DIR; };
		3D00572023356A6B00588CA9 /* CarritosUITests.swift */ = {isa = PBXFileReference; lastKnownFileType = sourcecode.swift; path = CarritosUITests.swift; sourceTree = "<group>"; };
		3D00572223356A6B00588CA9 /* Info.plist */ = {isa = PBXFileReference; lastKnownFileType = text.plist.xml; path = Info.plist; sourceTree = "<group>"; };
		3D00572E23356C6A00588CA9 /* Carro.swift */ = {isa = PBXFileReference; lastKnownFileType = sourcecode.swift; path = Carro.swift; sourceTree = "<group>"; };
		3D00573023356DCD00588CA9 /* celdaCarros_Controller.swift */ = {isa = PBXFileReference; lastKnownFileType = sourcecode.swift; path = celdaCarros_Controller.swift; sourceTree = "<group>"; };
/* End PBXFileReference section */

/* Begin PBXFrameworksBuildPhase section */
		3D0056FA23356A6800588CA9 /* Frameworks */ = {
			isa = PBXFrameworksBuildPhase;
			buildActionMask = 2147483647;
			files = (
			);
			runOnlyForDeploymentPostprocessing = 0;
		};
		3D00570E23356A6B00588CA9 /* Frameworks */ = {
			isa = PBXFrameworksBuildPhase;
			buildActionMask = 2147483647;
			files = (
			);
			runOnlyForDeploymentPostprocessing = 0;
		};
		3D00571923356A6B00588CA9 /* Frameworks */ = {
			isa = PBXFrameworksBuildPhase;
			buildActionMask = 2147483647;
			files = (
			);
			runOnlyForDeploymentPostprocessing = 0;
		};
/* End PBXFrameworksBuildPhase section */

/* Begin PBXGroup section */
		3D0056F423356A6800588CA9 = {
			isa = PBXGroup;
			children = (
				3D00573023356DCD00588CA9 /* celdaCarros_Controller.swift */,
				3D0056FF23356A6800588CA9 /* Carritos */,
				3D00571423356A6B00588CA9 /* CarritosTests */,
				3D00571F23356A6B00588CA9 /* CarritosUITests */,
				3D0056FE23356A6800588CA9 /* Products */,
			);
			sourceTree = "<group>";
		};
		3D0056FE23356A6800588CA9 /* Products */ = {
			isa = PBXGroup;
			children = (
				3D0056FD23356A6800588CA9 /* Carritos.app */,
				3D00571123356A6B00588CA9 /* CarritosTests.xctest */,
				3D00571C23356A6B00588CA9 /* CarritosUITests.xctest */,
			);
			name = Products;
			sourceTree = "<group>";
		};
		3D0056FF23356A6800588CA9 /* Carritos */ = {
			isa = PBXGroup;
			children = (
				3D00570023356A6800588CA9 /* AppDelegate.swift */,
				3D00570223356A6800588CA9 /* ViewController.swift */,
				3D00570423356A6800588CA9 /* Main.storyboard */,
				3D00570723356A6A00588CA9 /* Assets.xcassets */,
				3D00570923356A6A00588CA9 /* LaunchScreen.storyboard */,
				3D00570C23356A6A00588CA9 /* Info.plist */,
				3D00572E23356C6A00588CA9 /* Carro.swift */,
			);
			path = Carritos;
			sourceTree = "<group>";
		};
		3D00571423356A6B00588CA9 /* CarritosTests */ = {
			isa = PBXGroup;
			children = (
				3D00571523356A6B00588CA9 /* CarritosTests.swift */,
				3D00571723356A6B00588CA9 /* Info.plist */,
			);
			path = CarritosTests;
			sourceTree = "<group>";
		};
		3D00571F23356A6B00588CA9 /* CarritosUITests */ = {
			isa = PBXGroup;
			children = (
				3D00572023356A6B00588CA9 /* CarritosUITests.swift */,
				3D00572223356A6B00588CA9 /* Info.plist */,
			);
			path = CarritosUITests;
			sourceTree = "<group>";
		};
/* End PBXGroup section */

/* Begin PBXNativeTarget section */
		3D0056FC23356A6800588CA9 /* Carritos */ = {
			isa = PBXNativeTarget;
			buildConfigurationList = 3D00572523356A6B00588CA9 /* Build configuration list for PBXNativeTarget "Carritos" */;
			buildPhases = (
				3D0056F923356A6800588CA9 /* Sources */,
				3D0056FA23356A6800588CA9 /* Frameworks */,
				3D0056FB23356A6800588CA9 /* Resources */,
			);
			buildRules = (
			);
			dependencies = (
			);
			name = Carritos;
			productName = Carritos;
			productReference = 3D0056FD23356A6800588CA9 /* Carritos.app */;
			productType = "com.apple.product-type.application";
		};
		3D00571023356A6B00588CA9 /* CarritosTests */ = {
			isa = PBXNativeTarget;
			buildConfigurationList = 3D00572823356A6B00588CA9 /* Build configuration list for PBXNativeTarget "CarritosTests" */;
			buildPhases = (
				3D00570D23356A6B00588CA9 /* Sources */,
				3D00570E23356A6B00588CA9 /* Frameworks */,
				3D00570F23356A6B00588CA9 /* Resources */,
			);
			buildRules = (
			);
			dependencies = (
				3D00571323356A6B00588CA9 /* PBXTargetDependency */,
			);
			name = CarritosTests;
			productName = CarritosTests;
			productReference = 3D00571123356A6B00588CA9 /* CarritosTests.xctest */;
			productType = "com.apple.product-type.bundle.unit-test";
		};
		3D00571B23356A6B00588CA9 /* CarritosUITests */ = {
			isa = PBXNativeTarget;
			buildConfigurationList = 3D00572B23356A6B00588CA9 /* Build configuration list for PBXNativeTarget "CarritosUITests" */;
			buildPhases = (
				3D00571823356A6B00588CA9 /* Sources */,
				3D00571923356A6B00588CA9 /* Frameworks */,
				3D00571A23356A6B00588CA9 /* Resources */,
			);
			buildRules = (
			);
			dependencies = (
				3D00571E23356A6B00588CA9 /* PBXTargetDependency */,
			);
			name = CarritosUITests;
			productName = CarritosUITests;
			productReference = 3D00571C23356A6B00588CA9 /* CarritosUITests.xctest */;
			productType = "com.apple.product-type.bundle.ui-testing";
		};
/* End PBXNativeTarget section */

/* Begin PBXProject section */
		3D0056F523356A6800588CA9 /* Project object */ = {
			isa = PBXProject;
			attributes = {
				LastSwiftUpdateCheck = 1030;
				LastUpgradeCheck = 1030;
				ORGANIZATIONNAME = Alumno;
				TargetAttributes = {
					3D0056FC23356A6800588CA9 = {
						CreatedOnToolsVersion = 10.3;
					};
					3D00571023356A6B00588CA9 = {
						CreatedOnToolsVersion = 10.3;
						TestTargetID = 3D0056FC23356A6800588CA9;
					};
					3D00571B23356A6B00588CA9 = {
						CreatedOnToolsVersion = 10.3;
						TestTargetID = 3D0056FC23356A6800588CA9;
					};
				};
			};
			buildConfigurationList = 3D0056F823356A6800588CA9 /* Build configuration list for PBXProject "Carritos" */;
			compatibilityVersion = "Xcode 9.3";
			developmentRegion = en;
			hasScannedForEncodings = 0;
			knownRegions = (
				en,
				Base,
			);
			mainGroup = 3D0056F423356A6800588CA9;
			productRefGroup = 3D0056FE23356A6800588CA9 /* Products */;
			projectDirPath = "";
			projectRoot = "";
			targets = (
				3D0056FC23356A6800588CA9 /* Carritos */,
				3D00571023356A6B00588CA9 /* CarritosTests */,
				3D00571B23356A6B00588CA9 /* CarritosUITests */,
			);
		};
/* End PBXProject section */

/* Begin PBXResourcesBuildPhase section */
		3D0056FB23356A6800588CA9 /* Resources */ = {
			isa = PBXResourcesBuildPhase;
			buildActionMask = 2147483647;
			files = (
				3D00570B23356A6A00588CA9 /* LaunchScreen.storyboard in Resources */,
				3D00570823356A6A00588CA9 /* Assets.xcassets in Resources */,
				3D00570623356A6800588CA9 /* Main.storyboard in Resources */,
			);
			runOnlyForDeploymentPostprocessing = 0;
		};
		3D00570F23356A6B00588CA9 /* Resources */ = {
			isa = PBXResourcesBuildPhase;
			buildActionMask = 2147483647;
			files = (
			);
			runOnlyForDeploymentPostprocessing = 0;
		};
		3D00571A23356A6B00588CA9 /* Resources */ = {
			isa = PBXResourcesBuildPhase;
			buildActionMask = 2147483647;
			files = (
			);
			runOnlyForDeploymentPostprocessing = 0;
		};
/* End PBXResourcesBuildPhase section */

/* Begin PBXSourcesBuildPhase section */
		3D0056F923356A6800588CA9 /* Sources */ = {
			isa = PBXSourcesBuildPhase;
			buildActionMask = 2147483647;
			files = (
				3D00570323356A6800588CA9 /* ViewController.swift in Sources */,
				3D00573123356DCD00588CA9 /* celdaCarros_Controller.swift in Sources */,
				3D00572F23356C6A00588CA9 /* Carro.swift in Sources */,
				3D00570123356A6800588CA9 /* AppDelegate.swift in Sources */,
			);
			runOnlyForDeploymentPostprocessing = 0;
		};
		3D00570D23356A6B00588CA9 /* Sources */ = {
			isa = PBXSourcesBuildPhase;
			buildActionMask = 2147483647;
			files = (
				3D00571623356A6B00588CA9 /* CarritosTests.swift in Sources */,
			);
			runOnlyForDeploymentPostprocessing = 0;
		};
		3D00571823356A6B00588CA9 /* Sources */ = {
			isa = PBXSourcesBuildPhase;
			buildActionMask = 2147483647;
			files = (
				3D00572123356A6B00588CA9 /* CarritosUITests.swift in Sources */,
			);
			runOnlyForDeploymentPostprocessing = 0;
		};
/* End PBXSourcesBuildPhase section */

/* Begin PBXTargetDependency section */
		3D00571323356A6B00588CA9 /* PBXTargetDependency */ = {
			isa = PBXTargetDependency;
			target = 3D0056FC23356A6800588CA9 /* Carritos */;
			targetProxy = 3D00571223356A6B00588CA9 /* PBXContainerItemProxy */;
		};
		3D00571E23356A6B00588CA9 /* PBXTargetDependency */ = {
			isa = PBXTargetDependency;
			target = 3D0056FC23356A6800588CA9 /* Carritos */;
			targetProxy = 3D00571D23356A6B00588CA9 /* PBXContainerItemProxy */;
		};
/* End PBXTargetDependency section */

/* Begin PBXVariantGroup section */
		3D00570423356A6800588CA9 /* Main.storyboard */ = {
			isa = PBXVariantGroup;
			children = (
				3D00570523356A6800588CA9 /* Base */,
			);
			name = Main.storyboard;
			sourceTree = "<group>";
		};
		3D00570923356A6A00588CA9 /* LaunchScreen.storyboard */ = {
			isa = PBXVariantGroup;
			children = (
				3D00570A23356A6A00588CA9 /* Base */,
			);
			name = LaunchScreen.storyboard;
			sourceTree = "<group>";
		};
/* End PBXVariantGroup section */

/* Begin XCBuildConfiguration section */
		3D00572323356A6B00588CA9 /* Debug */ = {
			isa = XCBuildConfiguration;
			buildSettings = {
				ALWAYS_SEARCH_USER_PATHS = NO;
				CLANG_ANALYZER_NONNULL = YES;
				CLANG_ANALYZER_NUMBER_OBJECT_CONVERSION = YES_AGGRESSIVE;
				CLANG_CXX_LANGUAGE_STANDARD = "gnu++14";
				CLANG_CXX_LIBRARY = "libc++";
				CLANG_ENABLE_MODULES = YES;
				CLANG_ENABLE_OBJC_ARC = YES;
				CLANG_ENABLE_OBJC_WEAK = YES;
				CLANG_WARN_BLOCK_CAPTURE_AUTORELEASING = YES;
				CLANG_WARN_BOOL_CONVERSION = YES;
				CLANG_WARN_COMMA = YES;
				CLANG_WARN_CONSTANT_CONVERSION = YES;
				CLANG_WARN_DEPRECATED_OBJC_IMPLEMENTATIONS = YES;
				CLANG_WARN_DIRECT_OBJC_ISA_USAGE = YES_ERROR;
				CLANG_WARN_DOCUMENTATION_COMMENTS = YES;
				CLANG_WARN_EMPTY_BODY = YES;
				CLANG_WARN_ENUM_CONVERSION = YES;
				CLANG_WARN_INFINITE_RECURSION = YES;
				CLANG_WARN_INT_CONVERSION = YES;
				CLANG_WARN_NON_LITERAL_NULL_CONVERSION = YES;
				CLANG_WARN_OBJC_IMPLICIT_RETAIN_SELF = YES;
				CLANG_WARN_OBJC_LITERAL_CONVERSION = YES;
				CLANG_WARN_OBJC_ROOT_CLASS = YES_ERROR;
				CLANG_WARN_RANGE_LOOP_ANALYSIS = YES;
				CLANG_WARN_STRICT_PROTOTYPES = YES;
				CLANG_WARN_SUSPICIOUS_MOVE = YES;
				CLANG_WARN_UNGUARDED_AVAILABILITY = YES_AGGRESSIVE;
				CLANG_WARN_UNREACHABLE_CODE = YES;
				CLANG_WARN__DUPLICATE_METHOD_MATCH = YES;
				CODE_SIGN_IDENTITY = "iPhone Developer";
				COPY_PHASE_STRIP = NO;
				DEBUG_INFORMATION_FORMAT = dwarf;
				ENABLE_STRICT_OBJC_MSGSEND = YES;
				ENABLE_TESTABILITY = YES;
				GCC_C_LANGUAGE_STANDARD = gnu11;
				GCC_DYNAMIC_NO_PIC = NO;
				GCC_NO_COMMON_BLOCKS = YES;
				GCC_OPTIMIZATION_LEVEL = 0;
				GCC_PREPROCESSOR_DEFINITIONS = (
					"DEBUG=1",
					"$(inherited)",
				);
				GCC_WARN_64_TO_32_BIT_CONVERSION = YES;
				GCC_WARN_ABOUT_RETURN_TYPE = YES_ERROR;
				GCC_WARN_UNDECLARED_SELECTOR = YES;
				GCC_WARN_UNINITIALIZED_AUTOS = YES_AGGRESSIVE;
				GCC_WARN_UNUSED_FUNCTION = YES;
				GCC_WARN_UNUSED_VARIABLE = YES;
				IPHONEOS_DEPLOYMENT_TARGET = 12.4;
				MTL_ENABLE_DEBUG_INFO = INCLUDE_SOURCE;
				MTL_FAST_MATH = YES;
				ONLY_ACTIVE_ARCH = YES;
				SDKROOT = iphoneos;
				SWIFT_ACTIVE_COMPILATION_CONDITIONS = DEBUG;
				SWIFT_OPTIMIZATION_LEVEL = "-Onone";
			};
			name = Debug;
		};
		3D00572423356A6B00588CA9 /* Release */ = {
			isa = XCBuildConfiguration;
			buildSettings = {
				ALWAYS_SEARCH_USER_PATHS = NO;
				CLANG_ANALYZER_NONNULL = YES;
				CLANG_ANALYZER_NUMBER_OBJECT_CONVERSION = YES_AGGRESSIVE;
				CLANG_CXX_LANGUAGE_STANDARD = "gnu++14";
				CLANG_CXX_LIBRARY = "libc++";
				CLANG_ENABLE_MODULES = YES;
				CLANG_ENABLE_OBJC_ARC = YES;
				CLANG_ENABLE_OBJC_WEAK = YES;
				CLANG_WARN_BLOCK_CAPTURE_AUTORELEASING = YES;
				CLANG_WARN_BOOL_CONVERSION = YES;
				CLANG_WARN_COMMA = YES;
				CLANG_WARN_CONSTANT_CONVERSION = YES;
				CLANG_WARN_DEPRECATED_OBJC_IMPLEMENTATIONS = YES;
				CLANG_WARN_DIRECT_OBJC_ISA_USAGE = YES_ERROR;
				CLANG_WARN_DOCUMENTATION_COMMENTS = YES;
				CLANG_WARN_EMPTY_BODY = YES;
				CLANG_WARN_ENUM_CONVERSION = YES;
				CLANG_WARN_INFINITE_RECURSION = YES;
				CLANG_WARN_INT_CONVERSION = YES;
				CLANG_WARN_NON_LITERAL_NULL_CONVERSION = YES;
				CLANG_WARN_OBJC_IMPLICIT_RETAIN_SELF = YES;
				CLANG_WARN_OBJC_LITERAL_CONVERSION = YES;
				CLANG_WARN_OBJC_ROOT_CLASS = YES_ERROR;
				CLANG_WARN_RANGE_LOOP_ANALYSIS = YES;
				CLANG_WARN_STRICT_PROTOTYPES = YES;
				CLANG_WARN_SUSPICIOUS_MOVE = YES;
				CLANG_WARN_UNGUARDED_AVAILABILITY = YES_AGGRESSIVE;
				CLANG_WARN_UNREACHABLE_CODE = YES;
				CLANG_WARN__DUPLICATE_METHOD_MATCH = YES;
				CODE_SIGN_IDENTITY = "iPhone Developer";
				COPY_PHASE_STRIP = NO;
				DEBUG_INFORMATION_FORMAT = "dwarf-with-dsym";
				ENABLE_NS_ASSERTIONS = NO;
				ENABLE_STRICT_OBJC_MSGSEND = YES;
				GCC_C_LANGUAGE_STANDARD = gnu11;
				GCC_NO_COMMON_BLOCKS = YES;
				GCC_WARN_64_TO_32_BIT_CONVERSION = YES;
				GCC_WARN_ABOUT_RETURN_TYPE = YES_ERROR;
				GCC_WARN_UNDECLARED_SELECTOR = YES;
				GCC_WARN_UNINITIALIZED_AUTOS = YES_AGGRESSIVE;
				GCC_WARN_UNUSED_FUNCTION = YES;
				GCC_WARN_UNUSED_VARIABLE = YES;
				IPHONEOS_DEPLOYMENT_TARGET = 12.4;
				MTL_ENABLE_DEBUG_INFO = NO;
				MTL_FAST_MATH = YES;
				SDKROOT = iphoneos;
				SWIFT_COMPILATION_MODE = wholemodule;
				SWIFT_OPTIMIZATION_LEVEL = "-O";
				VALIDATE_PRODUCT = YES;
			};
			name = Release;
		};
		3D00572623356A6B00588CA9 /* Debug */ = {
			isa = XCBuildConfiguration;
			buildSettings = {
				ASSETCATALOG_COMPILER_APPICON_NAME = AppIcon;
				CODE_SIGN_STYLE = Automatic;
				INFOPLIST_FILE = Carritos/Info.plist;
				LD_RUNPATH_SEARCH_PATHS = (
					"$(inherited)",
					"@executable_path/Frameworks",
				);
				PRODUCT_BUNDLE_IDENTIFIER = edu.ulsa.Carritos;
				PRODUCT_NAME = "$(TARGET_NAME)";
				SWIFT_VERSION = 5.0;
				TARGETED_DEVICE_FAMILY = "1,2";
			};
			name = Debug;
		};
		3D00572723356A6B00588CA9 /* Release */ = {
			isa = XCBuildConfiguration;
			buildSettings = {
				ASSETCATALOG_COMPILER_APPICON_NAME = AppIcon;
				CODE_SIGN_STYLE = Automatic;
				INFOPLIST_FILE = Carritos/Info.plist;
				LD_RUNPATH_SEARCH_PATHS = (
					"$(inherited)",
					"@executable_path/Frameworks",
				);
				PRODUCT_BUNDLE_IDENTIFIER = edu.ulsa.Carritos;
				PRODUCT_NAME = "$(TARGET_NAME)";
				SWIFT_VERSION = 5.0;
				TARGETED_DEVICE_FAMILY = "1,2";
			};
			name = Release;
		};
		3D00572923356A6B00588CA9 /* Debug */ = {
			isa = XCBuildConfiguration;
			buildSettings = {
				ALWAYS_EMBED_SWIFT_STANDARD_LIBRARIES = YES;
				BUNDLE_LOADER = "$(TEST_HOST)";
				CODE_SIGN_STYLE = Automatic;
				INFOPLIST_FILE = CarritosTests/Info.plist;
				LD_RUNPATH_SEARCH_PATHS = (
					"$(inherited)",
					"@executable_path/Frameworks",
					"@loader_path/Frameworks",
				);
				PRODUCT_BUNDLE_IDENTIFIER = edu.ulsa.CarritosTests;
				PRODUCT_NAME = "$(TARGET_NAME)";
				SWIFT_VERSION = 5.0;
				TARGETED_DEVICE_FAMILY = "1,2";
				TEST_HOST = "$(BUILT_PRODUCTS_DIR)/Carritos.app/Carritos";
			};
			name = Debug;
		};
		3D00572A23356A6B00588CA9 /* Release */ = {
			isa = XCBuildConfiguration;
			buildSettings = {
				ALWAYS_EMBED_SWIFT_STANDARD_LIBRARIES = YES;
				BUNDLE_LOADER = "$(TEST_HOST)";
				CODE_SIGN_STYLE = Automatic;
				INFOPLIST_FILE = CarritosTests/Info.plist;
				LD_RUNPATH_SEARCH_PATHS = (
					"$(inherited)",
					"@executable_path/Frameworks",
					"@loader_path/Frameworks",
				);
				PRODUCT_BUNDLE_IDENTIFIER = edu.ulsa.CarritosTests;
				PRODUCT_NAME = "$(TARGET_NAME)";
				SWIFT_VERSION = 5.0;
				TARGETED_DEVICE_FAMILY = "1,2";
				TEST_HOST = "$(BUILT_PRODUCTS_DIR)/Carritos.app/Carritos";
			};
			name = Release;
		};
		3D00572C23356A6B00588CA9 /* Debug */ = {
			isa = XCBuildConfiguration;
			buildSettings = {
				ALWAYS_EMBED_SWIFT_STANDARD_LIBRARIES = YES;
				CODE_SIGN_STYLE = Automatic;
				INFOPLIST_FILE = CarritosUITests/Info.plist;
				LD_RUNPATH_SEARCH_PATHS = (
					"$(inherited)",
					"@executable_path/Frameworks",
					"@loader_path/Frameworks",
				);
				PRODUCT_BUNDLE_IDENTIFIER = edu.ulsa.CarritosUITests;
				PRODUCT_NAME = "$(TARGET_NAME)";
				SWIFT_VERSION = 5.0;
				TARGETED_DEVICE_FAMILY = "1,2";
				TEST_TARGET_NAME = Carritos;
			};
			name = Debug;
		};
		3D00572D23356A6B00588CA9 /* Release */ = {
			isa = XCBuildConfiguration;
			buildSettings = {
				ALWAYS_EMBED_SWIFT_STANDARD_LIBRARIES = YES;
				CODE_SIGN_STYLE = Automatic;
				INFOPLIST_FILE = CarritosUITests/Info.plist;
				LD_RUNPATH_SEARCH_PATHS = (
					"$(inherited)",
					"@executable_path/Frameworks",
					"@loader_path/Frameworks",
				);
				PRODUCT_BUNDLE_IDENTIFIER = edu.ulsa.CarritosUITests;
				PRODUCT_NAME = "$(TARGET_NAME)";
				SWIFT_VERSION = 5.0;
				TARGETED_DEVICE_FAMILY = "1,2";
				TEST_TARGET_NAME = Carritos;
			};
			name = Release;
		};
/* End XCBuildConfiguration section */

/* Begin XCConfigurationList section */
		3D0056F823356A6800588CA9 /* Build configuration list for PBXProject "Carritos" */ = {
			isa = XCConfigurationList;
			buildConfigurations = (
				3D00572323356A6B00588CA9 /* Debug */,
				3D00572423356A6B00588CA9 /* Release */,
			);
			defaultConfigurationIsVisible = 0;
			defaultConfigurationName = Release;
		};
		3D00572523356A6B00588CA9 /* Build configuration list for PBXNativeTarget "Carritos" */ = {
			isa = XCConfigurationList;
			buildConfigurations = (
				3D00572623356A6B00588CA9 /* Debug */,
				3D00572723356A6B00588CA9 /* Release */,
			);
			defaultConfigurationIsVisible = 0;
			defaultConfigurationName = Release;
		};
		3D00572823356A6B00588CA9 /* Build configuration list for PBXNativeTarget "CarritosTests" */ = {
			isa = XCConfigurationList;
			buildConfigurations = (
				3D00572923356A6B00588CA9 /* Debug */,
				3D00572A23356A6B00588CA9 /* Release */,
			);
			defaultConfigurationIsVisible = 0;
			defaultConfigurationName = Release;
		};
		3D00572B23356A6B00588CA9 /* Build configuration list for PBXNativeTarget "CarritosUITests" */ = {
			isa = XCConfigurationList;
			buildConfigurations = (
				3D00572C23356A6B00588CA9 /* Debug */,
				3D00572D23356A6B00588CA9 /* Release */,
			);
			defaultConfigurationIsVisible = 0;
			defaultConfigurationName = Release;
		};
/* End XCConfigurationList section */
	};
	rootObject = 3D0056F523356A6800588CA9 /* Project object */;
}
